
Microsoft Visual Studio Solution File, Format Version 12.00
# Visual Studio Version 17
VisualStudioVersion = 17.13.35931.197 d17.13
MinimumVisualStudioVersion = 10.0.40219.1
Project("{FAE04EC0-301F-11D3-BF4B-00C04F79EFBC}") = "HospitalManagement", "HospitalManagement.csproj", "{0FFC153D-FC7C-4B76-A634-A8C0C4D30CD0}"
EndProject
Global
	GlobalSection(SolutionConfigurationPlatforms) = preSolution
		Debug|Any CPU = Debug|Any CPU
		Release|Any CPU = Release|Any CPU
	EndGlobalSection
	GlobalSection(ProjectConfigurationPlatforms) = postSolution
		{0FFC153D-FC7C-4B76-A634-A8C0C4D30CD0}.Debug|Any CPU.ActiveCfg = Debug|Any CPU
		{0FFC153D-FC7C-4B76-A634-A8C0C4D30CD0}.Debug|Any CPU.Build.0 = Debug|Any CPU
		{0FFC153D-FC7C-4B76-A634-A8C0C4D30CD0}.Release|Any CPU.ActiveCfg = Release|Any CPU
		{0FFC153D-FC7C-4B76-A634-A8C0C4D30CD0}.Release|Any CPU.Build.0 = Release|Any CPU
	EndGlobalSection
	GlobalSection(SolutionProperties) = preSolution
		HideSolutionNode = FALSE
	EndGlobalSection
	GlobalSection(ExtensibilityGlobals) = postSolution
		SolutionGuid = {55513983-DFCC-4AF3-B067-3E68A96E655A}
	EndGlobalSection
EndGlobal
